// !$*UTF8*$!
{
	archiveVersion = 1;
	classes = {
	};
	objectVersion = 55;
	objects = {

/* Begin PBXBuildFile section */
		1D08AD8B297A9717002766F8 /* LocalAuth.swift in Sources */ = {isa = PBXBuildFile; fileRef = 1D08AD8A297A9717002766F8 /* LocalAuth.swift */; };
		1D2457F028E54B7100E8C2BD /* CustomButton.swift in Sources */ = {isa = PBXBuildFile; fileRef = 1D2457EF28E54B7100E8C2BD /* CustomButton.swift */; };
		1D2457F228E5C5B100E8C2BD /* FeedModel.swift in Sources */ = {isa = PBXBuildFile; fileRef = 1D2457F128E5C5B100E8C2BD /* FeedModel.swift */; };
		1D2A5DF929542C36005F7D6C /* MapViewController.swift in Sources */ = {isa = PBXBuildFile; fileRef = 1D2A5DF829542C36005F7D6C /* MapViewController.swift */; };
		1D2A5DFB29558DCE005F7D6C /* TextPicker.swift in Sources */ = {isa = PBXBuildFile; fileRef = 1D2A5DFA29558DCE005F7D6C /* TextPicker.swift */; };
		1D2CAF67288C246E008DA7EC /* LogInViewController.swift in Sources */ = {isa = PBXBuildFile; fileRef = 1D2CAF66288C246E008DA7EC /* LogInViewController.swift */; };
		1D2CAF692891BCA9008DA7EC /* PostTableViewCell.swift in Sources */ = {isa = PBXBuildFile; fileRef = 1D2CAF682891BCA9008DA7EC /* PostTableViewCell.swift */; };
		1D2CAF6B2891C675008DA7EC /* ProfileHeaderView.swift in Sources */ = {isa = PBXBuildFile; fileRef = 1D2CAF6A2891C675008DA7EC /* ProfileHeaderView.swift */; };
		1D3B123C287D7B7E00B4F57C /* ProfileViewController.swift in Sources */ = {isa = PBXBuildFile; fileRef = 1D3B123B287D7B7E00B4F57C /* ProfileViewController.swift */; };
		1D3B123E287E946200B4F57C /* Constants.swift in Sources */ = {isa = PBXBuildFile; fileRef = 1D3B123D287E946200B4F57C /* Constants.swift */; };
		1D3B30FA289A4E89001440EB /* PhotosTableViewCell.swift in Sources */ = {isa = PBXBuildFile; fileRef = 1D3B30F9289A4E89001440EB /* PhotosTableViewCell.swift */; };
		1D3B30FC289A4F02001440EB /* PhotosViewController.swift in Sources */ = {isa = PBXBuildFile; fileRef = 1D3B30FB289A4F02001440EB /* PhotosViewController.swift */; };
		1D3B30FE289A5512001440EB /* PhotosCollectionViewCell.swift in Sources */ = {isa = PBXBuildFile; fileRef = 1D3B30FD289A5512001440EB /* PhotosCollectionViewCell.swift */; };
		1D3B3104289D8199001440EB /* ImageAnimatedViewController.swift in Sources */ = {isa = PBXBuildFile; fileRef = 1D3B3103289D8199001440EB /* ImageAnimatedViewController.swift */; };
		1D4C09C628D3217100103A19 /* User.swift in Sources */ = {isa = PBXBuildFile; fileRef = 1D4C09C528D3217100103A19 /* User.swift */; };
		1D4C09C828D322A200103A19 /* CurrentUserService.swift in Sources */ = {isa = PBXBuildFile; fileRef = 1D4C09C728D322A200103A19 /* CurrentUserService.swift */; };
		1D4C09CA28D3AF2600103A19 /* TestUserService.swift in Sources */ = {isa = PBXBuildFile; fileRef = 1D4C09C928D3AF2600103A19 /* TestUserService.swift */; };
		1D5314A928F1B52000988B85 /* BruteForce.swift in Sources */ = {isa = PBXBuildFile; fileRef = 1D5314A828F1B52000988B85 /* BruteForce.swift */; };
		1D5314AB28F1B7C700988B85 /* RandomPassword.swift in Sources */ = {isa = PBXBuildFile; fileRef = 1D5314AA28F1B7C700988B85 /* RandomPassword.swift */; };
		1D6014092874B50F00CA8F4A /* AppDelegate.swift in Sources */ = {isa = PBXBuildFile; fileRef = 1D6014082874B50F00CA8F4A /* AppDelegate.swift */; };
		1D60140B2874B50F00CA8F4A /* SceneDelegate.swift in Sources */ = {isa = PBXBuildFile; fileRef = 1D60140A2874B50F00CA8F4A /* SceneDelegate.swift */; };
		1D6014122874B51000CA8F4A /* Assets.xcassets in Resources */ = {isa = PBXBuildFile; fileRef = 1D6014112874B51000CA8F4A /* Assets.xcassets */; };
		1D6014152874B51000CA8F4A /* LaunchScreen.storyboard in Resources */ = {isa = PBXBuildFile; fileRef = 1D6014132874B51000CA8F4A /* LaunchScreen.storyboard */; };
		1D60141D2874BD2300CA8F4A /* FeedViewController.swift in Sources */ = {isa = PBXBuildFile; fileRef = 1D60141C2874BD2300CA8F4A /* FeedViewController.swift */; };
		1D6014212874C0B400CA8F4A /* PostViewController.swift in Sources */ = {isa = PBXBuildFile; fileRef = 1D6014202874C0B400CA8F4A /* PostViewController.swift */; };
		1D6014232874C4A000CA8F4A /* InfoViewController.swift in Sources */ = {isa = PBXBuildFile; fileRef = 1D6014222874C4A000CA8F4A /* InfoViewController.swift */; };
		1D6014252878127100CA8F4A /* StructPost.swift in Sources */ = {isa = PBXBuildFile; fileRef = 1D6014242878127100CA8F4A /* StructPost.swift */; };
		1D6D7C4D28D8E0CF00613BEB /* Checker.swift in Sources */ = {isa = PBXBuildFile; fileRef = 1D6D7C4C28D8E0CF00613BEB /* Checker.swift */; };
		1D80132B29271942008734D0 /* note.xcdatamodeld in Sources */ = {isa = PBXBuildFile; fileRef = 1D80132929271942008734D0 /* note.xcdatamodeld */; };
		1D80132D2927198D008734D0 /* CoreDataManager.swift in Sources */ = {isa = PBXBuildFile; fileRef = 1D80132C2927198D008734D0 /* CoreDataManager.swift */; };
		1D80135229271A84008734D0 /* FavoriteViewController.swift in Sources */ = {isa = PBXBuildFile; fileRef = 1D80135129271A84008734D0 /* FavoriteViewController.swift */; };
		1D93AF3A29137E0500B41A14 /* GoogleService-Info.plist in Resources */ = {isa = PBXBuildFile; fileRef = 1D93AF3929137E0500B41A14 /* GoogleService-Info.plist */; };
		1D93AF3D2913824500B41A14 /* FirebaseAuth in Frameworks */ = {isa = PBXBuildFile; productRef = 1D93AF3C2913824500B41A14 /* FirebaseAuth */; };
		1D93AF3F29138A4D00B41A14 /* CheckerService.swift in Sources */ = {isa = PBXBuildFile; fileRef = 1D93AF3E29138A4D00B41A14 /* CheckerService.swift */; };
		1D93AF422913938000B41A14 /* FirebaseDatabase in Frameworks */ = {isa = PBXBuildFile; productRef = 1D93AF412913938000B41A14 /* FirebaseDatabase */; };
		1D946469295C21B300E7268D /* Localizable.strings in Resources */ = {isa = PBXBuildFile; fileRef = 1D94646B295C21B300E7268D /* Localizable.strings */; };
		1D94646F295C697800E7268D /* InfoPlist.strings in Resources */ = {isa = PBXBuildFile; fileRef = 1D946471295C697800E7268D /* InfoPlist.strings */; };
		1DACD91F2922AFE900E05A61 /* RealmSwift in Frameworks */ = {isa = PBXBuildFile; productRef = 1DACD91E2922AFE900E05A61 /* RealmSwift */; };
		1DACD9212923644E00E05A61 /* AuthorizationModel.swift in Sources */ = {isa = PBXBuildFile; fileRef = 1DACD9202923644E00E05A61 /* AuthorizationModel.swift */; };
		1DC15F2428E2D17F0037CE40 /* PhotoEdditer.swift in Sources */ = {isa = PBXBuildFile; fileRef = 1DC15F2328E2D17F0037CE40 /* PhotoEdditer.swift */; };
		1DE1BB13290C2FED00306AD9 /* NetworkManager.swift in Sources */ = {isa = PBXBuildFile; fileRef = 1DE1BB12290C2FED00306AD9 /* NetworkManager.swift */; };
		1DE2C96328DE358B00399C1D /* iOSIntPackage in Frameworks */ = {isa = PBXBuildFile; productRef = 1DE2C96228DE358B00399C1D /* iOSIntPackage */; };
		1DE8AF5E297FAD1500DF13DF /* LocalNotificationsService.swift in Sources */ = {isa = PBXBuildFile; fileRef = 1DE8AF5D297FAD1500DF13DF /* LocalNotificationsService.swift */; };
		1DF3100128D9AB000030FEF6 /* LoginFactory.swift in Sources */ = {isa = PBXBuildFile; fileRef = 1DF3100028D9AB000030FEF6 /* LoginFactory.swift */; };
/* End PBXBuildFile section */

/* Begin PBXFileReference section */
		1D08AD8A297A9717002766F8 /* LocalAuth.swift */ = {isa = PBXFileReference; lastKnownFileType = sourcecode.swift; path = LocalAuth.swift; sourceTree = "<group>"; };
		1D2457EF28E54B7100E8C2BD /* CustomButton.swift */ = {isa = PBXFileReference; lastKnownFileType = sourcecode.swift; path = CustomButton.swift; sourceTree = "<group>"; };
		1D2457F128E5C5B100E8C2BD /* FeedModel.swift */ = {isa = PBXFileReference; lastKnownFileType = sourcecode.swift; path = FeedModel.swift; sourceTree = "<group>"; };
		1D2A5DF829542C36005F7D6C /* MapViewController.swift */ = {isa = PBXFileReference; lastKnownFileType = sourcecode.swift; name = MapViewController.swift; path = Navigation/MapViewController.swift; sourceTree = SOURCE_ROOT; };
		1D2A5DFA29558DCE005F7D6C /* TextPicker.swift */ = {isa = PBXFileReference; lastKnownFileType = sourcecode.swift; name = TextPicker.swift; path = Controller/TextPicker.swift; sourceTree = "<group>"; };
		1D2CAF66288C246E008DA7EC /* LogInViewController.swift */ = {isa = PBXFileReference; lastKnownFileType = sourcecode.swift; path = LogInViewController.swift; sourceTree = "<group>"; };
		1D2CAF682891BCA9008DA7EC /* PostTableViewCell.swift */ = {isa = PBXFileReference; lastKnownFileType = sourcecode.swift; path = PostTableViewCell.swift; sourceTree = "<group>"; };
		1D2CAF6A2891C675008DA7EC /* ProfileHeaderView.swift */ = {isa = PBXFileReference; lastKnownFileType = sourcecode.swift; path = ProfileHeaderView.swift; sourceTree = "<group>"; };
		1D3B123B287D7B7E00B4F57C /* ProfileViewController.swift */ = {isa = PBXFileReference; lastKnownFileType = sourcecode.swift; path = ProfileViewController.swift; sourceTree = "<group>"; };
		1D3B123D287E946200B4F57C /* Constants.swift */ = {isa = PBXFileReference; lastKnownFileType = sourcecode.swift; path = Constants.swift; sourceTree = "<group>"; };
		1D3B30F9289A4E89001440EB /* PhotosTableViewCell.swift */ = {isa = PBXFileReference; lastKnownFileType = sourcecode.swift; path = PhotosTableViewCell.swift; sourceTree = "<group>"; };
		1D3B30FB289A4F02001440EB /* PhotosViewController.swift */ = {isa = PBXFileReference; lastKnownFileType = sourcecode.swift; path = PhotosViewController.swift; sourceTree = "<group>"; };
		1D3B30FD289A5512001440EB /* PhotosCollectionViewCell.swift */ = {isa = PBXFileReference; lastKnownFileType = sourcecode.swift; path = PhotosCollectionViewCell.swift; sourceTree = "<group>"; };
		1D3B3103289D8199001440EB /* ImageAnimatedViewController.swift */ = {isa = PBXFileReference; lastKnownFileType = sourcecode.swift; path = ImageAnimatedViewController.swift; sourceTree = "<group>"; };
		1D4C09C528D3217100103A19 /* User.swift */ = {isa = PBXFileReference; lastKnownFileType = sourcecode.swift; path = User.swift; sourceTree = "<group>"; };
		1D4C09C728D322A200103A19 /* CurrentUserService.swift */ = {isa = PBXFileReference; lastKnownFileType = sourcecode.swift; path = CurrentUserService.swift; sourceTree = "<group>"; };
		1D4C09C928D3AF2600103A19 /* TestUserService.swift */ = {isa = PBXFileReference; lastKnownFileType = sourcecode.swift; path = TestUserService.swift; sourceTree = "<group>"; };
		1D5314A828F1B52000988B85 /* BruteForce.swift */ = {isa = PBXFileReference; lastKnownFileType = sourcecode.swift; path = BruteForce.swift; sourceTree = "<group>"; };
		1D5314AA28F1B7C700988B85 /* RandomPassword.swift */ = {isa = PBXFileReference; lastKnownFileType = sourcecode.swift; path = RandomPassword.swift; sourceTree = "<group>"; };
		1D6014052874B50F00CA8F4A /* Navigation.app */ = {isa = PBXFileReference; explicitFileType = wrapper.application; includeInIndex = 0; path = Navigation.app; sourceTree = BUILT_PRODUCTS_DIR; };
		1D6014082874B50F00CA8F4A /* AppDelegate.swift */ = {isa = PBXFileReference; lastKnownFileType = sourcecode.swift; path = AppDelegate.swift; sourceTree = "<group>"; };
		1D60140A2874B50F00CA8F4A /* SceneDelegate.swift */ = {isa = PBXFileReference; lastKnownFileType = sourcecode.swift; path = SceneDelegate.swift; sourceTree = "<group>"; };
		1D6014112874B51000CA8F4A /* Assets.xcassets */ = {isa = PBXFileReference; lastKnownFileType = folder.assetcatalog; path = Assets.xcassets; sourceTree = "<group>"; };
		1D6014142874B51000CA8F4A /* Base */ = {isa = PBXFileReference; lastKnownFileType = file.storyboard; name = Base; path = Base.lproj/LaunchScreen.storyboard; sourceTree = "<group>"; };
		1D6014162874B51000CA8F4A /* Info.plist */ = {isa = PBXFileReference; lastKnownFileType = text.plist.xml; path = Info.plist; sourceTree = "<group>"; };
		1D60141C2874BD2300CA8F4A /* FeedViewController.swift */ = {isa = PBXFileReference; lastKnownFileType = sourcecode.swift; path = FeedViewController.swift; sourceTree = "<group>"; };
		1D6014202874C0B400CA8F4A /* PostViewController.swift */ = {isa = PBXFileReference; lastKnownFileType = sourcecode.swift; path = PostViewController.swift; sourceTree = "<group>"; };
		1D6014222874C4A000CA8F4A /* InfoViewController.swift */ = {isa = PBXFileReference; lastKnownFileType = sourcecode.swift; path = InfoViewController.swift; sourceTree = "<group>"; };
		1D6014242878127100CA8F4A /* StructPost.swift */ = {isa = PBXFileReference; lastKnownFileType = sourcecode.swift; path = StructPost.swift; sourceTree = "<group>"; };
		1D6D7C4C28D8E0CF00613BEB /* Checker.swift */ = {isa = PBXFileReference; lastKnownFileType = sourcecode.swift; path = Checker.swift; sourceTree = SOURCE_ROOT; };
		1D80132A29271942008734D0 /* note.xcdatamodel */ = {isa = PBXFileReference; lastKnownFileType = wrapper.xcdatamodel; path = note.xcdatamodel; sourceTree = "<group>"; };
		1D80132C2927198D008734D0 /* CoreDataManager.swift */ = {isa = PBXFileReference; lastKnownFileType = sourcecode.swift; name = CoreDataManager.swift; path = Profile/Model/CoreDataManager.swift; sourceTree = "<group>"; };
		1D80135129271A84008734D0 /* FavoriteViewController.swift */ = {isa = PBXFileReference; lastKnownFileType = sourcecode.swift; path = FavoriteViewController.swift; sourceTree = "<group>"; };
		1D93AF3929137E0500B41A14 /* GoogleService-Info.plist */ = {isa = PBXFileReference; fileEncoding = 4; lastKnownFileType = text.plist.xml; path = "GoogleService-Info.plist"; sourceTree = "<group>"; };
		1D93AF3E29138A4D00B41A14 /* CheckerService.swift */ = {isa = PBXFileReference; lastKnownFileType = sourcecode.swift; path = CheckerService.swift; sourceTree = "<group>"; };
		1D946464295C10A800E7268D /* ru */ = {isa = PBXFileReference; lastKnownFileType = text.plist.strings; name = ru; path = ru.lproj/LaunchScreen.strings; sourceTree = "<group>"; };
		1D946466295C10B600E7268D /* en */ = {isa = PBXFileReference; lastKnownFileType = text.plist.strings; name = en; path = en.lproj/LaunchScreen.strings; sourceTree = "<group>"; };
		1D94646A295C21B300E7268D /* en */ = {isa = PBXFileReference; lastKnownFileType = text.plist.strings; name = en; path = en.lproj/Localizable.strings; sourceTree = "<group>"; };
		1D94646C295C21B600E7268D /* ru */ = {isa = PBXFileReference; lastKnownFileType = text.plist.strings; name = ru; path = ru.lproj/Localizable.strings; sourceTree = "<group>"; };
		1D946470295C697800E7268D /* en */ = {isa = PBXFileReference; lastKnownFileType = text.plist.strings; name = en; path = en.lproj/InfoPlist.strings; sourceTree = "<group>"; };
		1D946472295C697A00E7268D /* ru */ = {isa = PBXFileReference; lastKnownFileType = text.plist.strings; name = ru; path = ru.lproj/InfoPlist.strings; sourceTree = "<group>"; };
		1DACD9202923644E00E05A61 /* AuthorizationModel.swift */ = {isa = PBXFileReference; lastKnownFileType = sourcecode.swift; path = AuthorizationModel.swift; sourceTree = "<group>"; };
		1DC15F2328E2D17F0037CE40 /* PhotoEdditer.swift */ = {isa = PBXFileReference; lastKnownFileType = sourcecode.swift; path = PhotoEdditer.swift; sourceTree = "<group>"; };
		1DE1BB12290C2FED00306AD9 /* NetworkManager.swift */ = {isa = PBXFileReference; lastKnownFileType = sourcecode.swift; path = NetworkManager.swift; sourceTree = "<group>"; };
		1DE8AF5D297FAD1500DF13DF /* LocalNotificationsService.swift */ = {isa = PBXFileReference; lastKnownFileType = sourcecode.swift; name = LocalNotificationsService.swift; path = Navigation/Profile/LocalNotificationsService.swift; sourceTree = SOURCE_ROOT; };
		1DF3100028D9AB000030FEF6 /* LoginFactory.swift */ = {isa = PBXFileReference; lastKnownFileType = sourcecode.swift; path = LoginFactory.swift; sourceTree = "<group>"; };
/* End PBXFileReference section */

/* Begin PBXFrameworksBuildPhase section */
		1D6014022874B50F00CA8F4A /* Frameworks */ = {
			isa = PBXFrameworksBuildPhase;
			buildActionMask = 2147483647;
			files = (
				1DACD91F2922AFE900E05A61 /* RealmSwift in Frameworks */,
				1D93AF422913938000B41A14 /* FirebaseDatabase in Frameworks */,
				1DE2C96328DE358B00399C1D /* iOSIntPackage in Frameworks */,
				1D93AF3D2913824500B41A14 /* FirebaseAuth in Frameworks */,
			);
			runOnlyForDeploymentPostprocessing = 0;
		};
/* End PBXFrameworksBuildPhase section */

/* Begin PBXGroup section */
		1D2457F428E5E3B100E8C2BD /* Model */ = {
			isa = PBXGroup;
			children = (
				1D2457F128E5C5B100E8C2BD /* FeedModel.swift */,
				1DACD9202923644E00E05A61 /* AuthorizationModel.swift */,
				1D08AD8A297A9717002766F8 /* LocalAuth.swift */,
			);
			path = Model;
			sourceTree = "<group>";
		};
		1D2457F528E5E49C00E8C2BD /* Controller */ = {
			isa = PBXGroup;
			children = (
				1D2A5DF829542C36005F7D6C /* MapViewController.swift */,
				1D3B30FB289A4F02001440EB /* PhotosViewController.swift */,
				1D2CAF66288C246E008DA7EC /* LogInViewController.swift */,
				1D3B123B287D7B7E00B4F57C /* ProfileViewController.swift */,
				1D60141C2874BD2300CA8F4A /* FeedViewController.swift */,
				1D80135129271A84008734D0 /* FavoriteViewController.swift */,
			);
			path = Controller;
			sourceTree = "<group>";
		};
		1D2457F828E5E5ED00E8C2BD /* View */ = {
			isa = PBXGroup;
			children = (
				1DE8AF5D297FAD1500DF13DF /* LocalNotificationsService.swift */,
			);
			path = View;
			sourceTree = "<group>";
		};
		1D3B123A287D7B6500B4F57C /* Profile */ = {
			isa = PBXGroup;
			children = (
				1D6D7C4C28D8E0CF00613BEB /* Checker.swift */,
				1D93AF3E29138A4D00B41A14 /* CheckerService.swift */,
				1DF3100028D9AB000030FEF6 /* LoginFactory.swift */,
				1D2CAF682891BCA9008DA7EC /* PostTableViewCell.swift */,
				1D4C09C528D3217100103A19 /* User.swift */,
				1D4C09C728D322A200103A19 /* CurrentUserService.swift */,
				1D4C09C928D3AF2600103A19 /* TestUserService.swift */,
				1D3B3103289D8199001440EB /* ImageAnimatedViewController.swift */,
				1D3B123D287E946200B4F57C /* Constants.swift */,
				1D5314A828F1B52000988B85 /* BruteForce.swift */,
				1D5314AA28F1B7C700988B85 /* RandomPassword.swift */,
				1D2CAF6A2891C675008DA7EC /* ProfileHeaderView.swift */,
				1D3B30F9289A4E89001440EB /* PhotosTableViewCell.swift */,
				1D3B30FD289A5512001440EB /* PhotosCollectionViewCell.swift */,
				1DC15F2328E2D17F0037CE40 /* PhotoEdditer.swift */,
				1D2457EF28E54B7100E8C2BD /* CustomButton.swift */,
				1D2457F428E5E3B100E8C2BD /* Model */,
				1D2457F828E5E5ED00E8C2BD /* View */,
				1DE1BB12290C2FED00306AD9 /* NetworkManager.swift */,
				1D80132929271942008734D0 /* note.xcdatamodeld */,
			);
			path = Profile;
			sourceTree = "<group>";
		};
		1D6013FC2874B50F00CA8F4A = {
			isa = PBXGroup;
			children = (
				1D94646B295C21B300E7268D /* Localizable.strings */,
				1D6014072874B50F00CA8F4A /* Navigation */,
				1D6014062874B50F00CA8F4A /* Products */,
				1D93AF402913938000B41A14 /* Frameworks */,
			);
			sourceTree = "<group>";
		};
		1D6014062874B50F00CA8F4A /* Products */ = {
			isa = PBXGroup;
			children = (
				1D6014052874B50F00CA8F4A /* Navigation.app */,
			);
			name = Products;
			sourceTree = "<group>";
		};
		1D6014072874B50F00CA8F4A /* Navigation */ = {
			isa = PBXGroup;
			children = (
				1D2A5DFA29558DCE005F7D6C /* TextPicker.swift */,
				1D3B123A287D7B6500B4F57C /* Profile */,
				1D2457F528E5E49C00E8C2BD /* Controller */,
				1D6014242878127100CA8F4A /* StructPost.swift */,
				1D6014202874C0B400CA8F4A /* PostViewController.swift */,
				1D6014222874C4A000CA8F4A /* InfoViewController.swift */,
				1D60140A2874B50F00CA8F4A /* SceneDelegate.swift */,
				1D6014082874B50F00CA8F4A /* AppDelegate.swift */,
				1D80132C2927198D008734D0 /* CoreDataManager.swift */,
				1D93AF3929137E0500B41A14 /* GoogleService-Info.plist */,
				1D6014112874B51000CA8F4A /* Assets.xcassets */,
				1D6014132874B51000CA8F4A /* LaunchScreen.storyboard */,
				1D6014162874B51000CA8F4A /* Info.plist */,
				1D946471295C697800E7268D /* InfoPlist.strings */,
			);
			path = Navigation;
			sourceTree = "<group>";
		};
		1D93AF402913938000B41A14 /* Frameworks */ = {
			isa = PBXGroup;
			children = (
			);
			name = Frameworks;
			sourceTree = "<group>";
		};
/* End PBXGroup section */

/* Begin PBXNativeTarget section */
		1D6014042874B50F00CA8F4A /* Navigation */ = {
			isa = PBXNativeTarget;
			buildConfigurationList = 1D6014192874B51000CA8F4A /* Build configuration list for PBXNativeTarget "Navigation" */;
			buildPhases = (
				1D6014012874B50F00CA8F4A /* Sources */,
				1D6014022874B50F00CA8F4A /* Frameworks */,
				1D6014032874B50F00CA8F4A /* Resources */,
			);
			buildRules = (
			);
			dependencies = (
			);
			name = Navigation;
			packageProductDependencies = (
				1DE2C96228DE358B00399C1D /* iOSIntPackage */,
				1D93AF3C2913824500B41A14 /* FirebaseAuth */,
				1D93AF412913938000B41A14 /* FirebaseDatabase */,
				1DACD91E2922AFE900E05A61 /* RealmSwift */,
			);
			productName = Navigation;
			productReference = 1D6014052874B50F00CA8F4A /* Navigation.app */;
			productType = "com.apple.product-type.application";
		};
/* End PBXNativeTarget section */

/* Begin PBXProject section */
		1D6013FD2874B50F00CA8F4A /* Project object */ = {
			isa = PBXProject;
			attributes = {
				BuildIndependentTargetsInParallel = 1;
				LastSwiftUpdateCheck = 1340;
				LastUpgradeCheck = 1340;
				TargetAttributes = {
					1D6014042874B50F00CA8F4A = {
						CreatedOnToolsVersion = 13.4.1;
					};
				};
			};
			buildConfigurationList = 1D6014002874B50F00CA8F4A /* Build configuration list for PBXProject "Navigation" */;
			compatibilityVersion = "Xcode 13.0";
			developmentRegion = en;
			hasScannedForEncodings = 0;
			knownRegions = (
				en,
				Base,
				ru,
			);
			mainGroup = 1D6013FC2874B50F00CA8F4A;
			packageReferences = (
				1DE2C96128DE358B00399C1D /* XCRemoteSwiftPackageReference "iOSIntPackage" */,
				1D93AF3B2913824500B41A14 /* XCRemoteSwiftPackageReference "firebase-ios-sdk" */,
				1DACD91D2922AFE900E05A61 /* XCRemoteSwiftPackageReference "realm-swift" */,
			);
			productRefGroup = 1D6014062874B50F00CA8F4A /* Products */;
			projectDirPath = "";
			projectRoot = "";
			targets = (
				1D6014042874B50F00CA8F4A /* Navigation */,
			);
		};
/* End PBXProject section */

/* Begin PBXResourcesBuildPhase section */
		1D6014032874B50F00CA8F4A /* Resources */ = {
			isa = PBXResourcesBuildPhase;
			buildActionMask = 2147483647;
			files = (
				1D6014152874B51000CA8F4A /* LaunchScreen.storyboard in Resources */,
				1D946469295C21B300E7268D /* Localizable.strings in Resources */,
				1D6014122874B51000CA8F4A /* Assets.xcassets in Resources */,
				1D93AF3A29137E0500B41A14 /* GoogleService-Info.plist in Resources */,
				1D94646F295C697800E7268D /* InfoPlist.strings in Resources */,
			);
			runOnlyForDeploymentPostprocessing = 0;
		};
/* End PBXResourcesBuildPhase section */

/* Begin PBXSourcesBuildPhase section */
		1D6014012874B50F00CA8F4A /* Sources */ = {
			isa = PBXSourcesBuildPhase;
			buildActionMask = 2147483647;
			files = (
				1D5314AB28F1B7C700988B85 /* RandomPassword.swift in Sources */,
				1D4C09C828D322A200103A19 /* CurrentUserService.swift in Sources */,
				1D6D7C4D28D8E0CF00613BEB /* Checker.swift in Sources */,
				1D08AD8B297A9717002766F8 /* LocalAuth.swift in Sources */,
				1D80132B29271942008734D0 /* note.xcdatamodeld in Sources */,
				1D3B30FA289A4E89001440EB /* PhotosTableViewCell.swift in Sources */,
				1D93AF3F29138A4D00B41A14 /* CheckerService.swift in Sources */,
				1D3B30FC289A4F02001440EB /* PhotosViewController.swift in Sources */,
				1D2457F228E5C5B100E8C2BD /* FeedModel.swift in Sources */,
				1D6014212874C0B400CA8F4A /* PostViewController.swift in Sources */,
				1D6014092874B50F00CA8F4A /* AppDelegate.swift in Sources */,
				1DACD9212923644E00E05A61 /* AuthorizationModel.swift in Sources */,
				1DC15F2428E2D17F0037CE40 /* PhotoEdditer.swift in Sources */,
				1D4C09C628D3217100103A19 /* User.swift in Sources */,
				1DE8AF5E297FAD1500DF13DF /* LocalNotificationsService.swift in Sources */,
				1D3B30FE289A5512001440EB /* PhotosCollectionViewCell.swift in Sources */,
				1D3B3104289D8199001440EB /* ImageAnimatedViewController.swift in Sources */,
				1D2A5DF929542C36005F7D6C /* MapViewController.swift in Sources */,
				1D4C09CA28D3AF2600103A19 /* TestUserService.swift in Sources */,
				1D2CAF692891BCA9008DA7EC /* PostTableViewCell.swift in Sources */,
				1D6014232874C4A000CA8F4A /* InfoViewController.swift in Sources */,
				1D80132D2927198D008734D0 /* CoreDataManager.swift in Sources */,
				1D2CAF6B2891C675008DA7EC /* ProfileHeaderView.swift in Sources */,
				1D2A5DFB29558DCE005F7D6C /* TextPicker.swift in Sources */,
				1DE1BB13290C2FED00306AD9 /* NetworkManager.swift in Sources */,
				1D60141D2874BD2300CA8F4A /* FeedViewController.swift in Sources */,
				1DF3100128D9AB000030FEF6 /* LoginFactory.swift in Sources */,
				1D80135229271A84008734D0 /* FavoriteViewController.swift in Sources */,
				1D6014252878127100CA8F4A /* StructPost.swift in Sources */,
				1D3B123C287D7B7E00B4F57C /* ProfileViewController.swift in Sources */,
				1D2457F028E54B7100E8C2BD /* CustomButton.swift in Sources */,
				1D5314A928F1B52000988B85 /* BruteForce.swift in Sources */,
				1D60140B2874B50F00CA8F4A /* SceneDelegate.swift in Sources */,
				1D3B123E287E946200B4F57C /* Constants.swift in Sources */,
				1D2CAF67288C246E008DA7EC /* LogInViewController.swift in Sources */,
			);
			runOnlyForDeploymentPostprocessing = 0;
		};
/* End PBXSourcesBuildPhase section */

/* Begin PBXVariantGroup section */
		1D6014132874B51000CA8F4A /* LaunchScreen.storyboard */ = {
			isa = PBXVariantGroup;
			children = (
				1D6014142874B51000CA8F4A /* Base */,
				1D946464295C10A800E7268D /* ru */,
				1D946466295C10B600E7268D /* en */,
			);
			name = LaunchScreen.storyboard;
			sourceTree = "<group>";
		};
		1D94646B295C21B300E7268D /* Localizable.strings */ = {
			isa = PBXVariantGroup;
			children = (
				1D94646A295C21B300E7268D /* en */,
				1D94646C295C21B600E7268D /* ru */,
			);
			name = Localizable.strings;
			sourceTree = "<group>";
		};
		1D946471295C697800E7268D /* InfoPlist.strings */ = {
			isa = PBXVariantGroup;
			children = (
				1D946470295C697800E7268D /* en */,
				1D946472295C697A00E7268D /* ru */,
			);
			name = InfoPlist.strings;
			sourceTree = "<group>";
		};
/* End PBXVariantGroup section */

/* Begin XCBuildConfiguration section */
		1D6014172874B51000CA8F4A /* Debug */ = {
			isa = XCBuildConfiguration;
			buildSettings = {
				ALWAYS_SEARCH_USER_PATHS = NO;
				CLANG_ANALYZER_LOCALIZABILITY_NONLOCALIZED = YES;
				CLANG_ANALYZER_NONNULL = YES;
				CLANG_ANALYZER_NUMBER_OBJECT_CONVERSION = YES_AGGRESSIVE;
				CLANG_CXX_LANGUAGE_STANDARD = "gnu++17";
				CLANG_ENABLE_MODULES = YES;
				CLANG_ENABLE_OBJC_ARC = YES;
				CLANG_ENABLE_OBJC_WEAK = YES;
				CLANG_WARN_BLOCK_CAPTURE_AUTORELEASING = YES;
				CLANG_WARN_BOOL_CONVERSION = YES;
				CLANG_WARN_COMMA = YES;
				CLANG_WARN_CONSTANT_CONVERSION = YES;
				CLANG_WARN_DEPRECATED_OBJC_IMPLEMENTATIONS = YES;
				CLANG_WARN_DIRECT_OBJC_ISA_USAGE = YES_ERROR;
				CLANG_WARN_DOCUMENTATION_COMMENTS = YES;
				CLANG_WARN_EMPTY_BODY = YES;
				CLANG_WARN_ENUM_CONVERSION = YES;
				CLANG_WARN_INFINITE_RECURSION = YES;
				CLANG_WARN_INT_CONVERSION = YES;
				CLANG_WARN_NON_LITERAL_NULL_CONVERSION = YES;
				CLANG_WARN_OBJC_IMPLICIT_RETAIN_SELF = YES;
				CLANG_WARN_OBJC_LITERAL_CONVERSION = YES;
				CLANG_WARN_OBJC_ROOT_CLASS = YES_ERROR;
				CLANG_WARN_QUOTED_INCLUDE_IN_FRAMEWORK_HEADER = YES;
				CLANG_WARN_RANGE_LOOP_ANALYSIS = YES;
				CLANG_WARN_STRICT_PROTOTYPES = YES;
				CLANG_WARN_SUSPICIOUS_MOVE = YES;
				CLANG_WARN_UNGUARDED_AVAILABILITY = YES_AGGRESSIVE;
				CLANG_WARN_UNREACHABLE_CODE = YES;
				CLANG_WARN__DUPLICATE_METHOD_MATCH = YES;
				COPY_PHASE_STRIP = NO;
				DEBUG_INFORMATION_FORMAT = dwarf;
				ENABLE_STRICT_OBJC_MSGSEND = YES;
				ENABLE_TESTABILITY = YES;
				GCC_C_LANGUAGE_STANDARD = gnu11;
				GCC_DYNAMIC_NO_PIC = NO;
				GCC_NO_COMMON_BLOCKS = YES;
				GCC_OPTIMIZATION_LEVEL = 0;
				GCC_PREPROCESSOR_DEFINITIONS = (
					"DEBUG=1",
					"$(inherited)",
				);
				GCC_WARN_64_TO_32_BIT_CONVERSION = YES;
				GCC_WARN_ABOUT_RETURN_TYPE = YES_ERROR;
				GCC_WARN_UNDECLARED_SELECTOR = YES;
				GCC_WARN_UNINITIALIZED_AUTOS = YES_AGGRESSIVE;
				GCC_WARN_UNUSED_FUNCTION = YES;
				GCC_WARN_UNUSED_VARIABLE = YES;
				IPHONEOS_DEPLOYMENT_TARGET = 15.5;
				MTL_ENABLE_DEBUG_INFO = INCLUDE_SOURCE;
				MTL_FAST_MATH = YES;
				ONLY_ACTIVE_ARCH = YES;
				SDKROOT = iphoneos;
				SWIFT_ACTIVE_COMPILATION_CONDITIONS = DEBUG;
				SWIFT_OPTIMIZATION_LEVEL = "-Onone";
			};
			name = Debug;
		};
		1D6014182874B51000CA8F4A /* Release */ = {
			isa = XCBuildConfiguration;
			buildSettings = {
				ALWAYS_SEARCH_USER_PATHS = NO;
				CLANG_ANALYZER_LOCALIZABILITY_NONLOCALIZED = YES;
				CLANG_ANALYZER_NONNULL = YES;
				CLANG_ANALYZER_NUMBER_OBJECT_CONVERSION = YES_AGGRESSIVE;
				CLANG_CXX_LANGUAGE_STANDARD = "gnu++17";
				CLANG_ENABLE_MODULES = YES;
				CLANG_ENABLE_OBJC_ARC = YES;
				CLANG_ENABLE_OBJC_WEAK = YES;
				CLANG_WARN_BLOCK_CAPTURE_AUTORELEASING = YES;
				CLANG_WARN_BOOL_CONVERSION = YES;
				CLANG_WARN_COMMA = YES;
				CLANG_WARN_CONSTANT_CONVERSION = YES;
				CLANG_WARN_DEPRECATED_OBJC_IMPLEMENTATIONS = YES;
				CLANG_WARN_DIRECT_OBJC_ISA_USAGE = YES_ERROR;
				CLANG_WARN_DOCUMENTATION_COMMENTS = YES;
				CLANG_WARN_EMPTY_BODY = YES;
				CLANG_WARN_ENUM_CONVERSION = YES;
				CLANG_WARN_INFINITE_RECURSION = YES;
				CLANG_WARN_INT_CONVERSION = YES;
				CLANG_WARN_NON_LITERAL_NULL_CONVERSION = YES;
				CLANG_WARN_OBJC_IMPLICIT_RETAIN_SELF = YES;
				CLANG_WARN_OBJC_LITERAL_CONVERSION = YES;
				CLANG_WARN_OBJC_ROOT_CLASS = YES_ERROR;
				CLANG_WARN_QUOTED_INCLUDE_IN_FRAMEWORK_HEADER = YES;
				CLANG_WARN_RANGE_LOOP_ANALYSIS = YES;
				CLANG_WARN_STRICT_PROTOTYPES = YES;
				CLANG_WARN_SUSPICIOUS_MOVE = YES;
				CLANG_WARN_UNGUARDED_AVAILABILITY = YES_AGGRESSIVE;
				CLANG_WARN_UNREACHABLE_CODE = YES;
				CLANG_WARN__DUPLICATE_METHOD_MATCH = YES;
				COPY_PHASE_STRIP = NO;
				DEBUG_INFORMATION_FORMAT = "dwarf-with-dsym";
				ENABLE_NS_ASSERTIONS = NO;
				ENABLE_STRICT_OBJC_MSGSEND = YES;
				GCC_C_LANGUAGE_STANDARD = gnu11;
				GCC_NO_COMMON_BLOCKS = YES;
				GCC_WARN_64_TO_32_BIT_CONVERSION = YES;
				GCC_WARN_ABOUT_RETURN_TYPE = YES_ERROR;
				GCC_WARN_UNDECLARED_SELECTOR = YES;
				GCC_WARN_UNINITIALIZED_AUTOS = YES_AGGRESSIVE;
				GCC_WARN_UNUSED_FUNCTION = YES;
				GCC_WARN_UNUSED_VARIABLE = YES;
				IPHONEOS_DEPLOYMENT_TARGET = 15.5;
				MTL_ENABLE_DEBUG_INFO = NO;
				MTL_FAST_MATH = YES;
				SDKROOT = iphoneos;
				SWIFT_COMPILATION_MODE = wholemodule;
				SWIFT_OPTIMIZATION_LEVEL = "-O";
				VALIDATE_PRODUCT = YES;
			};
			name = Release;
		};
		1D60141A2874B51000CA8F4A /* Debug */ = {
			isa = XCBuildConfiguration;
			buildSettings = {
				ASSETCATALOG_COMPILER_APPICON_NAME = AppIcon;
				ASSETCATALOG_COMPILER_GLOBAL_ACCENT_COLOR_NAME = AccentColor;
				ASSETCATALOG_COMPILER_INCLUDE_ALL_APPICON_ASSETS = YES;
				CODE_SIGN_IDENTITY = "Apple Development";
				CODE_SIGN_STYLE = Automatic;
				CURRENT_PROJECT_VERSION = 1;
				DEVELOPMENT_TEAM = 65B98VTA2W;
				GENERATE_INFOPLIST_FILE = YES;
				INFOPLIST_FILE = Navigation/Info.plist;
				INFOPLIST_KEY_LSApplicationCategoryType = "public.app-category.social-networking";
				INFOPLIST_KEY_UIApplicationSupportsIndirectInputEvents = YES;
				INFOPLIST_KEY_UILaunchStoryboardName = LaunchScreen;
				INFOPLIST_KEY_UIRequiresFullScreen = YES;
				INFOPLIST_KEY_UISupportedInterfaceOrientations = UIInterfaceOrientationPortrait;
				LD_RUNPATH_SEARCH_PATHS = (
					"$(inherited)",
					"@executable_path/Frameworks",
				);
				MARKETING_VERSION = 1.0;
				PRODUCT_BUNDLE_IDENTIFIER = NikitaByzov.Navigation;
				PRODUCT_NAME = "$(TARGET_NAME)";
				PROVISIONING_PROFILE_SPECIFIER = "";
				SUPPORTED_PLATFORMS = "iphoneos iphonesimulator";
				SUPPORTS_MACCATALYST = NO;
				SUPPORTS_MAC_DESIGNED_FOR_IPHONE_IPAD = NO;
				SWIFT_EMIT_LOC_STRINGS = YES;
				SWIFT_VERSION = 5.0;
				TARGETED_DEVICE_FAMILY = "1,2";
			};
			name = Debug;
		};
		1D60141B2874B51000CA8F4A /* Release */ = {
			isa = XCBuildConfiguration;
			buildSettings = {
				ASSETCATALOG_COMPILER_APPICON_NAME = AppIcon;
				ASSETCATALOG_COMPILER_GLOBAL_ACCENT_COLOR_NAME = AccentColor;
				ASSETCATALOG_COMPILER_INCLUDE_ALL_APPICON_ASSETS = YES;
				CODE_SIGN_IDENTITY = "Apple Development";
				CODE_SIGN_STYLE = Automatic;
				CURRENT_PROJECT_VERSION = 1;
				DEVELOPMENT_TEAM = 65B98VTA2W;
				GENERATE_INFOPLIST_FILE = YES;
				INFOPLIST_FILE = Navigation/Info.plist;
				INFOPLIST_KEY_LSApplicationCategoryType = "public.app-category.social-networking";
				INFOPLIST_KEY_UIApplicationSupportsIndirectInputEvents = YES;
				INFOPLIST_KEY_UILaunchStoryboardName = LaunchScreen;
				INFOPLIST_KEY_UIRequiresFullScreen = YES;
				INFOPLIST_KEY_UISupportedInterfaceOrientations = UIInterfaceOrientationPortrait;
				LD_RUNPATH_SEARCH_PATHS = (
					"$(inherited)",
					"@executable_path/Frameworks",
				);
				MARKETING_VERSION = 1.0;
				PRODUCT_BUNDLE_IDENTIFIER = NikitaByzov.Navigation;
				PRODUCT_NAME = "$(TARGET_NAME)";
				PROVISIONING_PROFILE_SPECIFIER = "";
				SUPPORTED_PLATFORMS = "iphoneos iphonesimulator";
				SUPPORTS_MACCATALYST = NO;
				SUPPORTS_MAC_DESIGNED_FOR_IPHONE_IPAD = NO;
				SWIFT_EMIT_LOC_STRINGS = YES;
				SWIFT_VERSION = 5.0;
				TARGETED_DEVICE_FAMILY = "1,2";
			};
			name = Release;
		};
/* End XCBuildConfiguration section */

/* Begin XCConfigurationList section */
		1D6014002874B50F00CA8F4A /* Build configuration list for PBXProject "Navigation" */ = {
			isa = XCConfigurationList;
			buildConfigurations = (
				1D6014172874B51000CA8F4A /* Debug */,
				1D6014182874B51000CA8F4A /* Release */,
			);
			defaultConfigurationIsVisible = 0;
			defaultConfigurationName = Release;
		};
		1D6014192874B51000CA8F4A /* Build configuration list for PBXNativeTarget "Navigation" */ = {
			isa = XCConfigurationList;
			buildConfigurations = (
				1D60141A2874B51000CA8F4A /* Debug */,
				1D60141B2874B51000CA8F4A /* Release */,
			);
			defaultConfigurationIsVisible = 0;
			defaultConfigurationName = Release;
		};
/* End XCConfigurationList section */

/* Begin XCRemoteSwiftPackageReference section */
		1D93AF3B2913824500B41A14 /* XCRemoteSwiftPackageReference "firebase-ios-sdk" */ = {
			isa = XCRemoteSwiftPackageReference;
			repositoryURL = "https://github.com/firebase/firebase-ios-sdk";
			requirement = {
				kind = upToNextMajorVersion;
				minimumVersion = 9.0.0;
			};
		};
		1DACD91D2922AFE900E05A61 /* XCRemoteSwiftPackageReference "realm-swift" */ = {
			isa = XCRemoteSwiftPackageReference;
			repositoryURL = "https://github.com/realm/realm-swift.git";
			requirement = {
				branch = master;
				kind = branch;
			};
		};
		1DE2C96128DE358B00399C1D /* XCRemoteSwiftPackageReference "iOSIntPackage" */ = {
			isa = XCRemoteSwiftPackageReference;
			repositoryURL = "https://github.com/TrueMax/iOSIntPackage.git";
			requirement = {
				branch = imagepublisher;
				kind = branch;
			};
		};
/* End XCRemoteSwiftPackageReference section */

/* Begin XCSwiftPackageProductDependency section */
		1D93AF3C2913824500B41A14 /* FirebaseAuth */ = {
			isa = XCSwiftPackageProductDependency;
			package = 1D93AF3B2913824500B41A14 /* XCRemoteSwiftPackageReference "firebase-ios-sdk" */;
			productName = FirebaseAuth;
		};
		1D93AF412913938000B41A14 /* FirebaseDatabase */ = {
			isa = XCSwiftPackageProductDependency;
			package = 1D93AF3B2913824500B41A14 /* XCRemoteSwiftPackageReference "firebase-ios-sdk" */;
			productName = FirebaseDatabase;
		};
		1DACD91E2922AFE900E05A61 /* RealmSwift */ = {
			isa = XCSwiftPackageProductDependency;
			package = 1DACD91D2922AFE900E05A61 /* XCRemoteSwiftPackageReference "realm-swift" */;
			productName = RealmSwift;
		};
		1DE2C96228DE358B00399C1D /* iOSIntPackage */ = {
			isa = XCSwiftPackageProductDependency;
			package = 1DE2C96128DE358B00399C1D /* XCRemoteSwiftPackageReference "iOSIntPackage" */;
			productName = iOSIntPackage;
		};
/* End XCSwiftPackageProductDependency section */

/* Begin XCVersionGroup section */
		1D80132929271942008734D0 /* note.xcdatamodeld */ = {
			isa = XCVersionGroup;
			children = (
				1D80132A29271942008734D0 /* note.xcdatamodel */,
			);
			currentVersion = 1D80132A29271942008734D0 /* note.xcdatamodel */;
			name = note.xcdatamodeld;
			path = Model/note.xcdatamodeld;
			sourceTree = "<group>";
			versionGroupType = wrapper.xcdatamodel;
		};
/* End XCVersionGroup section */
	};
	rootObject = 1D6013FD2874B50F00CA8F4A /* Project object */;
}
