// !$*UTF8*$!
{
	archiveVersion = 1;
	classes = {
	};
	objectVersion = 55;
	objects = {

/* Begin PBXBuildFile section */
		1D2CAF67288C246E008DA7EC /* LogInViewController.swift in Sources */ = {isa = PBXBuildFile; fileRef = 1D2CAF66288C246E008DA7EC /* LogInViewController.swift */; };
		1D2CAF692891BCA9008DA7EC /* PostTableViewCell.swift in Sources */ = {isa = PBXBuildFile; fileRef = 1D2CAF682891BCA9008DA7EC /* PostTableViewCell.swift */; };
		1D2CAF6B2891C675008DA7EC /* ProfileHeaderView.swift in Sources */ = {isa = PBXBuildFile; fileRef = 1D2CAF6A2891C675008DA7EC /* ProfileHeaderView.swift */; };
		1D2D692828CA5D490015D36D /* StorageService.docc in Sources */ = {isa = PBXBuildFile; fileRef = 1D2D692728CA5D490015D36D /* StorageService.docc */; };
		1D2D692E28CA5D4A0015D36D /* StorageService.framework in Frameworks */ = {isa = PBXBuildFile; fileRef = 1D2D692428CA5D490015D36D /* StorageService.framework */; };
		1D2D693528CA5D4A0015D36D /* StorageServiceTests.swift in Sources */ = {isa = PBXBuildFile; fileRef = 1D2D693428CA5D4A0015D36D /* StorageServiceTests.swift */; };
		1D2D693628CA5D4A0015D36D /* StorageService.h in Headers */ = {isa = PBXBuildFile; fileRef = 1D2D692628CA5D490015D36D /* StorageService.h */; settings = {ATTRIBUTES = (Public, ); }; };
		1D2D693928CA5D4A0015D36D /* StorageService.framework in Frameworks */ = {isa = PBXBuildFile; fileRef = 1D2D692428CA5D490015D36D /* StorageService.framework */; };
		1D2D693A28CA5D4A0015D36D /* StorageService.framework in Embed Frameworks */ = {isa = PBXBuildFile; fileRef = 1D2D692428CA5D490015D36D /* StorageService.framework */; settings = {ATTRIBUTES = (CodeSignOnCopy, RemoveHeadersOnCopy, ); }; };
		1D2D694228CA5D8E0015D36D /* StructPost.swift in Sources */ = {isa = PBXBuildFile; fileRef = 1D6014242878127100CA8F4A /* StructPost.swift */; };
		1D2D694528CFB0220015D36D /* iOSIntPackage in Frameworks */ = {isa = PBXBuildFile; productRef = 1D2D694428CFB0220015D36D /* iOSIntPackage */; };
		1D3B123C287D7B7E00B4F57C /* ProfileViewController.swift in Sources */ = {isa = PBXBuildFile; fileRef = 1D3B123B287D7B7E00B4F57C /* ProfileViewController.swift */; };
		1D3B123E287E946200B4F57C /* Constants.swift in Sources */ = {isa = PBXBuildFile; fileRef = 1D3B123D287E946200B4F57C /* Constants.swift */; };
		1D3B30FA289A4E89001440EB /* PhotosTableViewCell.swift in Sources */ = {isa = PBXBuildFile; fileRef = 1D3B30F9289A4E89001440EB /* PhotosTableViewCell.swift */; };
		1D3B30FC289A4F02001440EB /* PhotosViewController.swift in Sources */ = {isa = PBXBuildFile; fileRef = 1D3B30FB289A4F02001440EB /* PhotosViewController.swift */; };
		1D3B30FE289A5512001440EB /* PhotosCollectionViewCell.swift in Sources */ = {isa = PBXBuildFile; fileRef = 1D3B30FD289A5512001440EB /* PhotosCollectionViewCell.swift */; };
		1D3B3104289D8199001440EB /* ImageAnimatedViewController.swift in Sources */ = {isa = PBXBuildFile; fileRef = 1D3B3103289D8199001440EB /* ImageAnimatedViewController.swift */; };
		1D6014092874B50F00CA8F4A /* AppDelegate.swift in Sources */ = {isa = PBXBuildFile; fileRef = 1D6014082874B50F00CA8F4A /* AppDelegate.swift */; };
		1D60140B2874B50F00CA8F4A /* SceneDelegate.swift in Sources */ = {isa = PBXBuildFile; fileRef = 1D60140A2874B50F00CA8F4A /* SceneDelegate.swift */; };
		1D6014122874B51000CA8F4A /* Assets.xcassets in Resources */ = {isa = PBXBuildFile; fileRef = 1D6014112874B51000CA8F4A /* Assets.xcassets */; };
		1D6014152874B51000CA8F4A /* LaunchScreen.storyboard in Resources */ = {isa = PBXBuildFile; fileRef = 1D6014132874B51000CA8F4A /* LaunchScreen.storyboard */; };
		1D60141D2874BD2300CA8F4A /* FeedViewController.swift in Sources */ = {isa = PBXBuildFile; fileRef = 1D60141C2874BD2300CA8F4A /* FeedViewController.swift */; };
		1D6014212874C0B400CA8F4A /* PostViewController.swift in Sources */ = {isa = PBXBuildFile; fileRef = 1D6014202874C0B400CA8F4A /* PostViewController.swift */; };
		1D6014232874C4A000CA8F4A /* InfoViewController.swift in Sources */ = {isa = PBXBuildFile; fileRef = 1D6014222874C4A000CA8F4A /* InfoViewController.swift */; };
		DC89CCF4D21A935A6A4CFE0E /* Pods_Navigation.framework in Frameworks */ = {isa = PBXBuildFile; fileRef = C06294B7408CDA47593FFE3A /* Pods_Navigation.framework */; };
/* End PBXBuildFile section */

/* Begin PBXContainerItemProxy section */
		1D2D692F28CA5D4A0015D36D /* PBXContainerItemProxy */ = {
			isa = PBXContainerItemProxy;
			containerPortal = 1D6013FD2874B50F00CA8F4A /* Project object */;
			proxyType = 1;
			remoteGlobalIDString = 1D2D692328CA5D490015D36D;
			remoteInfo = StorageService;
		};
		1D2D693128CA5D4A0015D36D /* PBXContainerItemProxy */ = {
			isa = PBXContainerItemProxy;
			containerPortal = 1D6013FD2874B50F00CA8F4A /* Project object */;
			proxyType = 1;
			remoteGlobalIDString = 1D6014042874B50F00CA8F4A;
			remoteInfo = Navigation;
		};
		1D2D693728CA5D4A0015D36D /* PBXContainerItemProxy */ = {
			isa = PBXContainerItemProxy;
			containerPortal = 1D6013FD2874B50F00CA8F4A /* Project object */;
			proxyType = 1;
			remoteGlobalIDString = 1D2D692328CA5D490015D36D;
			remoteInfo = StorageService;
		};
/* End PBXContainerItemProxy section */

/* Begin PBXCopyFilesBuildPhase section */
		1D2D693B28CA5D4A0015D36D /* Embed Frameworks */ = {
			isa = PBXCopyFilesBuildPhase;
			buildActionMask = 2147483647;
			dstPath = "";
			dstSubfolderSpec = 10;
			files = (
				1D2D693A28CA5D4A0015D36D /* StorageService.framework in Embed Frameworks */,
			);
			name = "Embed Frameworks";
			runOnlyForDeploymentPostprocessing = 0;
		};
/* End PBXCopyFilesBuildPhase section */

/* Begin PBXFileReference section */
		133D641FD287346E04F7257C /* Pods-Navigation.release.xcconfig */ = {isa = PBXFileReference; includeInIndex = 1; lastKnownFileType = text.xcconfig; name = "Pods-Navigation.release.xcconfig"; path = "Target Support Files/Pods-Navigation/Pods-Navigation.release.xcconfig"; sourceTree = "<group>"; };
		1D2CAF66288C246E008DA7EC /* LogInViewController.swift */ = {isa = PBXFileReference; lastKnownFileType = sourcecode.swift; path = LogInViewController.swift; sourceTree = "<group>"; };
		1D2CAF682891BCA9008DA7EC /* PostTableViewCell.swift */ = {isa = PBXFileReference; lastKnownFileType = sourcecode.swift; path = PostTableViewCell.swift; sourceTree = "<group>"; };
		1D2CAF6A2891C675008DA7EC /* ProfileHeaderView.swift */ = {isa = PBXFileReference; lastKnownFileType = sourcecode.swift; path = ProfileHeaderView.swift; sourceTree = "<group>"; };
		1D2D692428CA5D490015D36D /* StorageService.framework */ = {isa = PBXFileReference; explicitFileType = wrapper.framework; includeInIndex = 0; path = StorageService.framework; sourceTree = BUILT_PRODUCTS_DIR; };
		1D2D692628CA5D490015D36D /* StorageService.h */ = {isa = PBXFileReference; lastKnownFileType = sourcecode.c.h; path = StorageService.h; sourceTree = "<group>"; };
		1D2D692728CA5D490015D36D /* StorageService.docc */ = {isa = PBXFileReference; lastKnownFileType = folder.documentationcatalog; path = StorageService.docc; sourceTree = "<group>"; };
		1D2D692D28CA5D4A0015D36D /* StorageServiceTests.xctest */ = {isa = PBXFileReference; explicitFileType = wrapper.cfbundle; includeInIndex = 0; path = StorageServiceTests.xctest; sourceTree = BUILT_PRODUCTS_DIR; };
		1D2D693428CA5D4A0015D36D /* StorageServiceTests.swift */ = {isa = PBXFileReference; lastKnownFileType = sourcecode.swift; path = StorageServiceTests.swift; sourceTree = "<group>"; };
		1D3B123B287D7B7E00B4F57C /* ProfileViewController.swift */ = {isa = PBXFileReference; lastKnownFileType = sourcecode.swift; path = ProfileViewController.swift; sourceTree = "<group>"; };
		1D3B123D287E946200B4F57C /* Constants.swift */ = {isa = PBXFileReference; lastKnownFileType = sourcecode.swift; path = Constants.swift; sourceTree = "<group>"; };
		1D3B30F9289A4E89001440EB /* PhotosTableViewCell.swift */ = {isa = PBXFileReference; lastKnownFileType = sourcecode.swift; path = PhotosTableViewCell.swift; sourceTree = "<group>"; };
		1D3B30FB289A4F02001440EB /* PhotosViewController.swift */ = {isa = PBXFileReference; lastKnownFileType = sourcecode.swift; path = PhotosViewController.swift; sourceTree = "<group>"; };
		1D3B30FD289A5512001440EB /* PhotosCollectionViewCell.swift */ = {isa = PBXFileReference; lastKnownFileType = sourcecode.swift; path = PhotosCollectionViewCell.swift; sourceTree = "<group>"; };
		1D3B3103289D8199001440EB /* ImageAnimatedViewController.swift */ = {isa = PBXFileReference; lastKnownFileType = sourcecode.swift; path = ImageAnimatedViewController.swift; sourceTree = "<group>"; };
		1D6014052874B50F00CA8F4A /* Navigation.app */ = {isa = PBXFileReference; explicitFileType = wrapper.application; includeInIndex = 0; path = Navigation.app; sourceTree = BUILT_PRODUCTS_DIR; };
		1D6014082874B50F00CA8F4A /* AppDelegate.swift */ = {isa = PBXFileReference; lastKnownFileType = sourcecode.swift; path = AppDelegate.swift; sourceTree = "<group>"; };
		1D60140A2874B50F00CA8F4A /* SceneDelegate.swift */ = {isa = PBXFileReference; lastKnownFileType = sourcecode.swift; path = SceneDelegate.swift; sourceTree = "<group>"; };
		1D6014112874B51000CA8F4A /* Assets.xcassets */ = {isa = PBXFileReference; lastKnownFileType = folder.assetcatalog; path = Assets.xcassets; sourceTree = "<group>"; };
		1D6014142874B51000CA8F4A /* Base */ = {isa = PBXFileReference; lastKnownFileType = file.storyboard; name = Base; path = Base.lproj/LaunchScreen.storyboard; sourceTree = "<group>"; };
		1D6014162874B51000CA8F4A /* Info.plist */ = {isa = PBXFileReference; lastKnownFileType = text.plist.xml; path = Info.plist; sourceTree = "<group>"; };
		1D60141C2874BD2300CA8F4A /* FeedViewController.swift */ = {isa = PBXFileReference; lastKnownFileType = sourcecode.swift; path = FeedViewController.swift; sourceTree = "<group>"; };
		1D6014202874C0B400CA8F4A /* PostViewController.swift */ = {isa = PBXFileReference; lastKnownFileType = sourcecode.swift; path = PostViewController.swift; sourceTree = "<group>"; };
		1D6014222874C4A000CA8F4A /* InfoViewController.swift */ = {isa = PBXFileReference; lastKnownFileType = sourcecode.swift; path = InfoViewController.swift; sourceTree = "<group>"; };
		1D6014242878127100CA8F4A /* StructPost.swift */ = {isa = PBXFileReference; lastKnownFileType = sourcecode.swift; path = StructPost.swift; sourceTree = "<group>"; };
		C06294B7408CDA47593FFE3A /* Pods_Navigation.framework */ = {isa = PBXFileReference; explicitFileType = wrapper.framework; includeInIndex = 0; path = Pods_Navigation.framework; sourceTree = BUILT_PRODUCTS_DIR; };
		D08626A0F4BC207479A57EF3 /* Pods-Navigation.debug.xcconfig */ = {isa = PBXFileReference; includeInIndex = 1; lastKnownFileType = text.xcconfig; name = "Pods-Navigation.debug.xcconfig"; path = "Target Support Files/Pods-Navigation/Pods-Navigation.debug.xcconfig"; sourceTree = "<group>"; };
/* End PBXFileReference section */

/* Begin PBXFrameworksBuildPhase section */
		1D2D692128CA5D490015D36D /* Frameworks */ = {
			isa = PBXFrameworksBuildPhase;
			buildActionMask = 2147483647;
			files = (
			);
			runOnlyForDeploymentPostprocessing = 0;
		};
		1D2D692A28CA5D4A0015D36D /* Frameworks */ = {
			isa = PBXFrameworksBuildPhase;
			buildActionMask = 2147483647;
			files = (
				1D2D692E28CA5D4A0015D36D /* StorageService.framework in Frameworks */,
			);
			runOnlyForDeploymentPostprocessing = 0;
		};
		1D6014022874B50F00CA8F4A /* Frameworks */ = {
			isa = PBXFrameworksBuildPhase;
			buildActionMask = 2147483647;
			files = (
				1D2D694528CFB0220015D36D /* iOSIntPackage in Frameworks */,
				1D2D693928CA5D4A0015D36D /* StorageService.framework in Frameworks */,
				DC89CCF4D21A935A6A4CFE0E /* Pods_Navigation.framework in Frameworks */,
			);
			runOnlyForDeploymentPostprocessing = 0;
		};
/* End PBXFrameworksBuildPhase section */

/* Begin PBXGroup section */
		1D2D692528CA5D490015D36D /* StorageService */ = {
			isa = PBXGroup;
			children = (
				1D2D692628CA5D490015D36D /* StorageService.h */,
				1D2D692728CA5D490015D36D /* StorageService.docc */,
			);
			path = StorageService;
			sourceTree = "<group>";
		};
		1D2D693328CA5D4A0015D36D /* StorageServiceTests */ = {
			isa = PBXGroup;
			children = (
				1D2D693428CA5D4A0015D36D /* StorageServiceTests.swift */,
			);
			path = StorageServiceTests;
			sourceTree = "<group>";
		};
		1D3B123A287D7B6500B4F57C /* Profile */ = {
			isa = PBXGroup;
			children = (
				1D2CAF682891BCA9008DA7EC /* PostTableViewCell.swift */,
				1D3B123B287D7B7E00B4F57C /* ProfileViewController.swift */,
				1D3B3103289D8199001440EB /* ImageAnimatedViewController.swift */,
				1D3B123D287E946200B4F57C /* Constants.swift */,
				1D2CAF66288C246E008DA7EC /* LogInViewController.swift */,
				1D2CAF6A2891C675008DA7EC /* ProfileHeaderView.swift */,
				1D3B30F9289A4E89001440EB /* PhotosTableViewCell.swift */,
				1D3B30FB289A4F02001440EB /* PhotosViewController.swift */,
				1D3B30FD289A5512001440EB /* PhotosCollectionViewCell.swift */,
			);
			path = Profile;
			sourceTree = "<group>";
		};
		1D6013FC2874B50F00CA8F4A = {
			isa = PBXGroup;
			children = (
				1D6014072874B50F00CA8F4A /* Navigation */,
				1D2D692528CA5D490015D36D /* StorageService */,
				1D2D693328CA5D4A0015D36D /* StorageServiceTests */,
				1D6014062874B50F00CA8F4A /* Products */,
				1FC209BF85733FCDB82FE81E /* Pods */,
				D5FC33B6BE5D0A78750ECF76 /* Frameworks */,
			);
			sourceTree = "<group>";
		};
		1D6014062874B50F00CA8F4A /* Products */ = {
			isa = PBXGroup;
			children = (
				1D6014052874B50F00CA8F4A /* Navigation.app */,
				1D2D692428CA5D490015D36D /* StorageService.framework */,
				1D2D692D28CA5D4A0015D36D /* StorageServiceTests.xctest */,
			);
			name = Products;
			sourceTree = "<group>";
		};
		1D6014072874B50F00CA8F4A /* Navigation */ = {
			isa = PBXGroup;
			children = (
				1D3B123A287D7B6500B4F57C /* Profile */,
				1D6014082874B50F00CA8F4A /* AppDelegate.swift */,
				1D60140A2874B50F00CA8F4A /* SceneDelegate.swift */,
				1D60141C2874BD2300CA8F4A /* FeedViewController.swift */,
				1D6014242878127100CA8F4A /* StructPost.swift */,
				1D6014202874C0B400CA8F4A /* PostViewController.swift */,
				1D6014222874C4A000CA8F4A /* InfoViewController.swift */,
				1D6014112874B51000CA8F4A /* Assets.xcassets */,
				1D6014132874B51000CA8F4A /* LaunchScreen.storyboard */,
				1D6014162874B51000CA8F4A /* Info.plist */,
			);
			path = Navigation;
			sourceTree = "<group>";
		};
		1FC209BF85733FCDB82FE81E /* Pods */ = {
			isa = PBXGroup;
			children = (
				D08626A0F4BC207479A57EF3 /* Pods-Navigation.debug.xcconfig */,
				133D641FD287346E04F7257C /* Pods-Navigation.release.xcconfig */,
			);
			path = Pods;
			sourceTree = "<group>";
		};
		D5FC33B6BE5D0A78750ECF76 /* Frameworks */ = {
			isa = PBXGroup;
			children = (
				C06294B7408CDA47593FFE3A /* Pods_Navigation.framework */,
			);
			name = Frameworks;
			sourceTree = "<group>";
		};
/* End PBXGroup section */

/* Begin PBXHeadersBuildPhase section */
		1D2D691F28CA5D490015D36D /* Headers */ = {
			isa = PBXHeadersBuildPhase;
			buildActionMask = 2147483647;
			files = (
				1D2D693628CA5D4A0015D36D /* StorageService.h in Headers */,
			);
			runOnlyForDeploymentPostprocessing = 0;
		};
/* End PBXHeadersBuildPhase section */

/* Begin PBXNativeTarget section */
		1D2D692328CA5D490015D36D /* StorageService */ = {
			isa = PBXNativeTarget;
			buildConfigurationList = 1D2D694028CA5D4A0015D36D /* Build configuration list for PBXNativeTarget "StorageService" */;
			buildPhases = (
				1D2D691F28CA5D490015D36D /* Headers */,
				1D2D692028CA5D490015D36D /* Sources */,
				1D2D692128CA5D490015D36D /* Frameworks */,
				1D2D692228CA5D490015D36D /* Resources */,
			);
			buildRules = (
			);
			dependencies = (
			);
			name = StorageService;
			productName = StorageService;
			productReference = 1D2D692428CA5D490015D36D /* StorageService.framework */;
			productType = "com.apple.product-type.framework";
		};
		1D2D692C28CA5D4A0015D36D /* StorageServiceTests */ = {
			isa = PBXNativeTarget;
			buildConfigurationList = 1D2D694128CA5D4A0015D36D /* Build configuration list for PBXNativeTarget "StorageServiceTests" */;
			buildPhases = (
				1D2D692928CA5D4A0015D36D /* Sources */,
				1D2D692A28CA5D4A0015D36D /* Frameworks */,
				1D2D692B28CA5D4A0015D36D /* Resources */,
			);
			buildRules = (
			);
			dependencies = (
				1D2D693028CA5D4A0015D36D /* PBXTargetDependency */,
				1D2D693228CA5D4A0015D36D /* PBXTargetDependency */,
			);
			name = StorageServiceTests;
			productName = StorageServiceTests;
			productReference = 1D2D692D28CA5D4A0015D36D /* StorageServiceTests.xctest */;
			productType = "com.apple.product-type.bundle.unit-test";
		};
		1D6014042874B50F00CA8F4A /* Navigation */ = {
			isa = PBXNativeTarget;
			buildConfigurationList = 1D6014192874B51000CA8F4A /* Build configuration list for PBXNativeTarget "Navigation" */;
			buildPhases = (
				688F5605C0B70B9875A4CDEB /* [CP] Check Pods Manifest.lock */,
				1D6014012874B50F00CA8F4A /* Sources */,
				1D6014022874B50F00CA8F4A /* Frameworks */,
				1D6014032874B50F00CA8F4A /* Resources */,
				1D2D693B28CA5D4A0015D36D /* Embed Frameworks */,
				08CC5F06B0FC8311958323D7 /* [CP] Embed Pods Frameworks */,
			);
			buildRules = (
			);
			dependencies = (
				1D2D693828CA5D4A0015D36D /* PBXTargetDependency */,
			);
			name = Navigation;
			packageProductDependencies = (
				1D2D694428CFB0220015D36D /* iOSIntPackage */,
			);
			productName = Navigation;
			productReference = 1D6014052874B50F00CA8F4A /* Navigation.app */;
			productType = "com.apple.product-type.application";
		};
/* End PBXNativeTarget section */

/* Begin PBXProject section */
		1D6013FD2874B50F00CA8F4A /* Project object */ = {
			isa = PBXProject;
			attributes = {
				BuildIndependentTargetsInParallel = 1;
				LastSwiftUpdateCheck = 1340;
				LastUpgradeCheck = 1340;
				TargetAttributes = {
					1D2D692328CA5D490015D36D = {
						CreatedOnToolsVersion = 13.4.1;
					};
					1D2D692C28CA5D4A0015D36D = {
						CreatedOnToolsVersion = 13.4.1;
						TestTargetID = 1D6014042874B50F00CA8F4A;
					};
					1D6014042874B50F00CA8F4A = {
						CreatedOnToolsVersion = 13.4.1;
					};
				};
			};
			buildConfigurationList = 1D6014002874B50F00CA8F4A /* Build configuration list for PBXProject "Navigation" */;
			compatibilityVersion = "Xcode 13.0";
			developmentRegion = en;
			hasScannedForEncodings = 0;
			knownRegions = (
				en,
				Base,
			);
			mainGroup = 1D6013FC2874B50F00CA8F4A;
			packageReferences = (
				1D2D694328CFB0220015D36D /* XCRemoteSwiftPackageReference "iOSIntPackage" */,
			);
			productRefGroup = 1D6014062874B50F00CA8F4A /* Products */;
			projectDirPath = "";
			projectRoot = "";
			targets = (
				1D6014042874B50F00CA8F4A /* Navigation */,
				1D2D692328CA5D490015D36D /* StorageService */,
				1D2D692C28CA5D4A0015D36D /* StorageServiceTests */,
			);
		};
/* End PBXProject section */

/* Begin PBXResourcesBuildPhase section */
		1D2D692228CA5D490015D36D /* Resources */ = {
			isa = PBXResourcesBuildPhase;
			buildActionMask = 2147483647;
			files = (
			);
			runOnlyForDeploymentPostprocessing = 0;
		};
		1D2D692B28CA5D4A0015D36D /* Resources */ = {
			isa = PBXResourcesBuildPhase;
			buildActionMask = 2147483647;
			files = (
			);
			runOnlyForDeploymentPostprocessing = 0;
		};
		1D6014032874B50F00CA8F4A /* Resources */ = {
			isa = PBXResourcesBuildPhase;
			buildActionMask = 2147483647;
			files = (
				1D6014152874B51000CA8F4A /* LaunchScreen.storyboard in Resources */,
				1D6014122874B51000CA8F4A /* Assets.xcassets in Resources */,
			);
			runOnlyForDeploymentPostprocessing = 0;
		};
/* End PBXResourcesBuildPhase section */

/* Begin PBXShellScriptBuildPhase section */
		08CC5F06B0FC8311958323D7 /* [CP] Embed Pods Frameworks */ = {
			isa = PBXShellScriptBuildPhase;
			buildActionMask = 2147483647;
			files = (
			);
			inputFileListPaths = (
				"${PODS_ROOT}/Target Support Files/Pods-Navigation/Pods-Navigation-frameworks-${CONFIGURATION}-input-files.xcfilelist",
			);
			name = "[CP] Embed Pods Frameworks";
			outputFileListPaths = (
				"${PODS_ROOT}/Target Support Files/Pods-Navigation/Pods-Navigation-frameworks-${CONFIGURATION}-output-files.xcfilelist",
			);
			runOnlyForDeploymentPostprocessing = 0;
			shellPath = /bin/sh;
			shellScript = "\"${PODS_ROOT}/Target Support Files/Pods-Navigation/Pods-Navigation-frameworks.sh\"\n";
			showEnvVarsInLog = 0;
		};
		688F5605C0B70B9875A4CDEB /* [CP] Check Pods Manifest.lock */ = {
			isa = PBXShellScriptBuildPhase;
			buildActionMask = 2147483647;
			files = (
			);
			inputFileListPaths = (
			);
			inputPaths = (
				"${PODS_PODFILE_DIR_PATH}/Podfile.lock",
				"${PODS_ROOT}/Manifest.lock",
			);
			name = "[CP] Check Pods Manifest.lock";
			outputFileListPaths = (
			);
			outputPaths = (
				"$(DERIVED_FILE_DIR)/Pods-Navigation-checkManifestLockResult.txt",
			);
			runOnlyForDeploymentPostprocessing = 0;
			shellPath = /bin/sh;
			shellScript = "diff \"${PODS_PODFILE_DIR_PATH}/Podfile.lock\" \"${PODS_ROOT}/Manifest.lock\" > /dev/null\nif [ $? != 0 ] ; then\n    # print error to STDERR\n    echo \"error: The sandbox is not in sync with the Podfile.lock. Run 'pod install' or update your CocoaPods installation.\" >&2\n    exit 1\nfi\n# This output is used by Xcode 'outputs' to avoid re-running this script phase.\necho \"SUCCESS\" > \"${SCRIPT_OUTPUT_FILE_0}\"\n";
			showEnvVarsInLog = 0;
		};
/* End PBXShellScriptBuildPhase section */

/* Begin PBXSourcesBuildPhase section */
		1D2D692028CA5D490015D36D /* Sources */ = {
			isa = PBXSourcesBuildPhase;
			buildActionMask = 2147483647;
			files = (
				1D2D694228CA5D8E0015D36D /* StructPost.swift in Sources */,
				1D2D692828CA5D490015D36D /* StorageService.docc in Sources */,
			);
			runOnlyForDeploymentPostprocessing = 0;
		};
		1D2D692928CA5D4A0015D36D /* Sources */ = {
			isa = PBXSourcesBuildPhase;
			buildActionMask = 2147483647;
			files = (
				1D2D693528CA5D4A0015D36D /* StorageServiceTests.swift in Sources */,
			);
			runOnlyForDeploymentPostprocessing = 0;
		};
		1D6014012874B50F00CA8F4A /* Sources */ = {
			isa = PBXSourcesBuildPhase;
			buildActionMask = 2147483647;
			files = (
				1D3B30FA289A4E89001440EB /* PhotosTableViewCell.swift in Sources */,
				1D3B30FC289A4F02001440EB /* PhotosViewController.swift in Sources */,
				1D6014212874C0B400CA8F4A /* PostViewController.swift in Sources */,
				1D6014092874B50F00CA8F4A /* AppDelegate.swift in Sources */,
				1D3B30FE289A5512001440EB /* PhotosCollectionViewCell.swift in Sources */,
				1D3B3104289D8199001440EB /* ImageAnimatedViewController.swift in Sources */,
				1D2CAF692891BCA9008DA7EC /* PostTableViewCell.swift in Sources */,
				1D6014232874C4A000CA8F4A /* InfoViewController.swift in Sources */,
				1D2CAF6B2891C675008DA7EC /* ProfileHeaderView.swift in Sources */,
				1D60141D2874BD2300CA8F4A /* FeedViewController.swift in Sources */,
				1D3B123C287D7B7E00B4F57C /* ProfileViewController.swift in Sources */,
				1D60140B2874B50F00CA8F4A /* SceneDelegate.swift in Sources */,
				1D3B123E287E946200B4F57C /* Constants.swift in Sources */,
				1D2CAF67288C246E008DA7EC /* LogInViewController.swift in Sources */,
			);
			runOnlyForDeploymentPostprocessing = 0;
		};
/* End PBXSourcesBuildPhase section */

/* Begin PBXTargetDependency section */
		1D2D693028CA5D4A0015D36D /* PBXTargetDependency */ = {
			isa = PBXTargetDependency;
			target = 1D2D692328CA5D490015D36D /* StorageService */;
			targetProxy = 1D2D692F28CA5D4A0015D36D /* PBXContainerItemProxy */;
		};
		1D2D693228CA5D4A0015D36D /* PBXTargetDependency */ = {
			isa = PBXTargetDependency;
			target = 1D6014042874B50F00CA8F4A /* Navigation */;
			targetProxy = 1D2D693128CA5D4A0015D36D /* PBXContainerItemProxy */;
		};
		1D2D693828CA5D4A0015D36D /* PBXTargetDependency */ = {
			isa = PBXTargetDependency;
			target = 1D2D692328CA5D490015D36D /* StorageService */;
			targetProxy = 1D2D693728CA5D4A0015D36D /* PBXContainerItemProxy */;
		};
/* End PBXTargetDependency section */

/* Begin PBXVariantGroup section */
		1D6014132874B51000CA8F4A /* LaunchScreen.storyboard */ = {
			isa = PBXVariantGroup;
			children = (
				1D6014142874B51000CA8F4A /* Base */,
			);
			name = LaunchScreen.storyboard;
			sourceTree = "<group>";
		};
/* End PBXVariantGroup section */

/* Begin XCBuildConfiguration section */
		1D2D693C28CA5D4A0015D36D /* Debug */ = {
			isa = XCBuildConfiguration;
			buildSettings = {
				CODE_SIGN_STYLE = Automatic;
				CURRENT_PROJECT_VERSION = 1;
				DEFINES_MODULE = YES;
				DEVELOPMENT_TEAM = 65B98VTA2W;
				DYLIB_COMPATIBILITY_VERSION = 1;
				DYLIB_CURRENT_VERSION = 1;
				DYLIB_INSTALL_NAME_BASE = "@rpath";
				GENERATE_INFOPLIST_FILE = YES;
				INFOPLIST_KEY_NSHumanReadableCopyright = "";
				INSTALL_PATH = "$(LOCAL_LIBRARY_DIR)/Frameworks";
				LD_RUNPATH_SEARCH_PATHS = (
					"$(inherited)",
					"@executable_path/Frameworks",
					"@loader_path/Frameworks",
				);
				MARKETING_VERSION = 1.0;
				PRODUCT_BUNDLE_IDENTIFIER = NikitaByzov.StorageService;
				PRODUCT_NAME = "$(TARGET_NAME:c99extidentifier)";
				SKIP_INSTALL = YES;
				SWIFT_EMIT_LOC_STRINGS = YES;
				SWIFT_VERSION = 5.0;
				TARGETED_DEVICE_FAMILY = "1,2";
				VERSIONING_SYSTEM = "apple-generic";
				VERSION_INFO_PREFIX = "";
			};
			name = Debug;
		};
		1D2D693D28CA5D4A0015D36D /* Release */ = {
			isa = XCBuildConfiguration;
			buildSettings = {
				CODE_SIGN_STYLE = Automatic;
				CURRENT_PROJECT_VERSION = 1;
				DEFINES_MODULE = YES;
				DEVELOPMENT_TEAM = 65B98VTA2W;
				DYLIB_COMPATIBILITY_VERSION = 1;
				DYLIB_CURRENT_VERSION = 1;
				DYLIB_INSTALL_NAME_BASE = "@rpath";
				GENERATE_INFOPLIST_FILE = YES;
				INFOPLIST_KEY_NSHumanReadableCopyright = "";
				INSTALL_PATH = "$(LOCAL_LIBRARY_DIR)/Frameworks";
				LD_RUNPATH_SEARCH_PATHS = (
					"$(inherited)",
					"@executable_path/Frameworks",
					"@loader_path/Frameworks",
				);
				MARKETING_VERSION = 1.0;
				PRODUCT_BUNDLE_IDENTIFIER = NikitaByzov.StorageService;
				PRODUCT_NAME = "$(TARGET_NAME:c99extidentifier)";
				SKIP_INSTALL = YES;
				SWIFT_EMIT_LOC_STRINGS = YES;
				SWIFT_VERSION = 5.0;
				TARGETED_DEVICE_FAMILY = "1,2";
				VERSIONING_SYSTEM = "apple-generic";
				VERSION_INFO_PREFIX = "";
			};
			name = Release;
		};
		1D2D693E28CA5D4A0015D36D /* Debug */ = {
			isa = XCBuildConfiguration;
			buildSettings = {
				ALWAYS_EMBED_SWIFT_STANDARD_LIBRARIES = YES;
				CODE_SIGN_STYLE = Automatic;
				CURRENT_PROJECT_VERSION = 1;
				DEVELOPMENT_TEAM = 65B98VTA2W;
				GENERATE_INFOPLIST_FILE = YES;
				MARKETING_VERSION = 1.0;
				PRODUCT_BUNDLE_IDENTIFIER = NikitaByzov.StorageServiceTests;
				PRODUCT_NAME = "$(TARGET_NAME)";
				SWIFT_EMIT_LOC_STRINGS = NO;
				SWIFT_VERSION = 5.0;
				TARGETED_DEVICE_FAMILY = "1,2";
				TEST_HOST = "$(BUILT_PRODUCTS_DIR)/Navigation.app/Navigation";
			};
			name = Debug;
		};
		1D2D693F28CA5D4A0015D36D /* Release */ = {
			isa = XCBuildConfiguration;
			buildSettings = {
				ALWAYS_EMBED_SWIFT_STANDARD_LIBRARIES = YES;
				CODE_SIGN_STYLE = Automatic;
				CURRENT_PROJECT_VERSION = 1;
				DEVELOPMENT_TEAM = 65B98VTA2W;
				GENERATE_INFOPLIST_FILE = YES;
				MARKETING_VERSION = 1.0;
				PRODUCT_BUNDLE_IDENTIFIER = NikitaByzov.StorageServiceTests;
				PRODUCT_NAME = "$(TARGET_NAME)";
				SWIFT_EMIT_LOC_STRINGS = NO;
				SWIFT_VERSION = 5.0;
				TARGETED_DEVICE_FAMILY = "1,2";
				TEST_HOST = "$(BUILT_PRODUCTS_DIR)/Navigation.app/Navigation";
			};
			name = Release;
		};
		1D6014172874B51000CA8F4A /* Debug */ = {
			isa = XCBuildConfiguration;
			buildSettings = {
				ALWAYS_SEARCH_USER_PATHS = NO;
				CLANG_ANALYZER_NONNULL = YES;
				CLANG_ANALYZER_NUMBER_OBJECT_CONVERSION = YES_AGGRESSIVE;
				CLANG_CXX_LANGUAGE_STANDARD = "gnu++17";
				CLANG_ENABLE_MODULES = YES;
				CLANG_ENABLE_OBJC_ARC = YES;
				CLANG_ENABLE_OBJC_WEAK = YES;
				CLANG_WARN_BLOCK_CAPTURE_AUTORELEASING = YES;
				CLANG_WARN_BOOL_CONVERSION = YES;
				CLANG_WARN_COMMA = YES;
				CLANG_WARN_CONSTANT_CONVERSION = YES;
				CLANG_WARN_DEPRECATED_OBJC_IMPLEMENTATIONS = YES;
				CLANG_WARN_DIRECT_OBJC_ISA_USAGE = YES_ERROR;
				CLANG_WARN_DOCUMENTATION_COMMENTS = YES;
				CLANG_WARN_EMPTY_BODY = YES;
				CLANG_WARN_ENUM_CONVERSION = YES;
				CLANG_WARN_INFINITE_RECURSION = YES;
				CLANG_WARN_INT_CONVERSION = YES;
				CLANG_WARN_NON_LITERAL_NULL_CONVERSION = YES;
				CLANG_WARN_OBJC_IMPLICIT_RETAIN_SELF = YES;
				CLANG_WARN_OBJC_LITERAL_CONVERSION = YES;
				CLANG_WARN_OBJC_ROOT_CLASS = YES_ERROR;
				CLANG_WARN_QUOTED_INCLUDE_IN_FRAMEWORK_HEADER = YES;
				CLANG_WARN_RANGE_LOOP_ANALYSIS = YES;
				CLANG_WARN_STRICT_PROTOTYPES = YES;
				CLANG_WARN_SUSPICIOUS_MOVE = YES;
				CLANG_WARN_UNGUARDED_AVAILABILITY = YES_AGGRESSIVE;
				CLANG_WARN_UNREACHABLE_CODE = YES;
				CLANG_WARN__DUPLICATE_METHOD_MATCH = YES;
				COPY_PHASE_STRIP = NO;
				DEBUG_INFORMATION_FORMAT = dwarf;
				ENABLE_STRICT_OBJC_MSGSEND = YES;
				ENABLE_TESTABILITY = YES;
				GCC_C_LANGUAGE_STANDARD = gnu11;
				GCC_DYNAMIC_NO_PIC = NO;
				GCC_NO_COMMON_BLOCKS = YES;
				GCC_OPTIMIZATION_LEVEL = 0;
				GCC_PREPROCESSOR_DEFINITIONS = (
					"DEBUG=1",
					"$(inherited)",
				);
				GCC_WARN_64_TO_32_BIT_CONVERSION = YES;
				GCC_WARN_ABOUT_RETURN_TYPE = YES_ERROR;
				GCC_WARN_UNDECLARED_SELECTOR = YES;
				GCC_WARN_UNINITIALIZED_AUTOS = YES_AGGRESSIVE;
				GCC_WARN_UNUSED_FUNCTION = YES;
				GCC_WARN_UNUSED_VARIABLE = YES;
				IPHONEOS_DEPLOYMENT_TARGET = 15.5;
				MTL_ENABLE_DEBUG_INFO = INCLUDE_SOURCE;
				MTL_FAST_MATH = YES;
				ONLY_ACTIVE_ARCH = YES;
				SDKROOT = iphoneos;
				SWIFT_ACTIVE_COMPILATION_CONDITIONS = DEBUG;
				SWIFT_OPTIMIZATION_LEVEL = "-Onone";
			};
			name = Debug;
		};
		1D6014182874B51000CA8F4A /* Release */ = {
			isa = XCBuildConfiguration;
			buildSettings = {
				ALWAYS_SEARCH_USER_PATHS = NO;
				CLANG_ANALYZER_NONNULL = YES;
				CLANG_ANALYZER_NUMBER_OBJECT_CONVERSION = YES_AGGRESSIVE;
				CLANG_CXX_LANGUAGE_STANDARD = "gnu++17";
				CLANG_ENABLE_MODULES = YES;
				CLANG_ENABLE_OBJC_ARC = YES;
				CLANG_ENABLE_OBJC_WEAK = YES;
				CLANG_WARN_BLOCK_CAPTURE_AUTORELEASING = YES;
				CLANG_WARN_BOOL_CONVERSION = YES;
				CLANG_WARN_COMMA = YES;
				CLANG_WARN_CONSTANT_CONVERSION = YES;
				CLANG_WARN_DEPRECATED_OBJC_IMPLEMENTATIONS = YES;
				CLANG_WARN_DIRECT_OBJC_ISA_USAGE = YES_ERROR;
				CLANG_WARN_DOCUMENTATION_COMMENTS = YES;
				CLANG_WARN_EMPTY_BODY = YES;
				CLANG_WARN_ENUM_CONVERSION = YES;
				CLANG_WARN_INFINITE_RECURSION = YES;
				CLANG_WARN_INT_CONVERSION = YES;
				CLANG_WARN_NON_LITERAL_NULL_CONVERSION = YES;
				CLANG_WARN_OBJC_IMPLICIT_RETAIN_SELF = YES;
				CLANG_WARN_OBJC_LITERAL_CONVERSION = YES;
				CLANG_WARN_OBJC_ROOT_CLASS = YES_ERROR;
				CLANG_WARN_QUOTED_INCLUDE_IN_FRAMEWORK_HEADER = YES;
				CLANG_WARN_RANGE_LOOP_ANALYSIS = YES;
				CLANG_WARN_STRICT_PROTOTYPES = YES;
				CLANG_WARN_SUSPICIOUS_MOVE = YES;
				CLANG_WARN_UNGUARDED_AVAILABILITY = YES_AGGRESSIVE;
				CLANG_WARN_UNREACHABLE_CODE = YES;
				CLANG_WARN__DUPLICATE_METHOD_MATCH = YES;
				COPY_PHASE_STRIP = NO;
				DEBUG_INFORMATION_FORMAT = "dwarf-with-dsym";
				ENABLE_NS_ASSERTIONS = NO;
				ENABLE_STRICT_OBJC_MSGSEND = YES;
				GCC_C_LANGUAGE_STANDARD = gnu11;
				GCC_NO_COMMON_BLOCKS = YES;
				GCC_WARN_64_TO_32_BIT_CONVERSION = YES;
				GCC_WARN_ABOUT_RETURN_TYPE = YES_ERROR;
				GCC_WARN_UNDECLARED_SELECTOR = YES;
				GCC_WARN_UNINITIALIZED_AUTOS = YES_AGGRESSIVE;
				GCC_WARN_UNUSED_FUNCTION = YES;
				GCC_WARN_UNUSED_VARIABLE = YES;
				IPHONEOS_DEPLOYMENT_TARGET = 15.5;
				MTL_ENABLE_DEBUG_INFO = NO;
				MTL_FAST_MATH = YES;
				SDKROOT = iphoneos;
				SWIFT_COMPILATION_MODE = wholemodule;
				SWIFT_OPTIMIZATION_LEVEL = "-O";
				VALIDATE_PRODUCT = YES;
			};
			name = Release;
		};
		1D60141A2874B51000CA8F4A /* Debug */ = {
			isa = XCBuildConfiguration;
			baseConfigurationReference = D08626A0F4BC207479A57EF3 /* Pods-Navigation.debug.xcconfig */;
			buildSettings = {
				ALWAYS_EMBED_SWIFT_STANDARD_LIBRARIES = YES;
				ASSETCATALOG_COMPILER_APPICON_NAME = AppIcon;
				ASSETCATALOG_COMPILER_GLOBAL_ACCENT_COLOR_NAME = AccentColor;
				CODE_SIGN_STYLE = Automatic;
				CURRENT_PROJECT_VERSION = 1;
				DEVELOPMENT_TEAM = 65B98VTA2W;
				GENERATE_INFOPLIST_FILE = YES;
				INFOPLIST_FILE = Navigation/Info.plist;
				INFOPLIST_KEY_UIApplicationSupportsIndirectInputEvents = YES;
				INFOPLIST_KEY_UILaunchStoryboardName = LaunchScreen;
				INFOPLIST_KEY_UISupportedInterfaceOrientations_iPad = "UIInterfaceOrientationPortrait UIInterfaceOrientationPortraitUpsideDown UIInterfaceOrientationLandscapeLeft UIInterfaceOrientationLandscapeRight";
				INFOPLIST_KEY_UISupportedInterfaceOrientations_iPhone = "UIInterfaceOrientationPortrait UIInterfaceOrientationLandscapeLeft UIInterfaceOrientationLandscapeRight";
				LD_RUNPATH_SEARCH_PATHS = (
					"$(inherited)",
					"@executable_path/Frameworks",
				);
				MARKETING_VERSION = 1.0;
				PRODUCT_BUNDLE_IDENTIFIER = NikitaByzov.Navigation;
				PRODUCT_NAME = "$(TARGET_NAME)";
				SWIFT_EMIT_LOC_STRINGS = YES;
				SWIFT_VERSION = 5.0;
				TARGETED_DEVICE_FAMILY = "1,2";
			};
			name = Debug;
		};
		1D60141B2874B51000CA8F4A /* Release */ = {
			isa = XCBuildConfiguration;
			baseConfigurationReference = 133D641FD287346E04F7257C /* Pods-Navigation.release.xcconfig */;
			buildSettings = {
				ALWAYS_EMBED_SWIFT_STANDARD_LIBRARIES = YES;
				ASSETCATALOG_COMPILER_APPICON_NAME = AppIcon;
				ASSETCATALOG_COMPILER_GLOBAL_ACCENT_COLOR_NAME = AccentColor;
				CODE_SIGN_STYLE = Automatic;
				CURRENT_PROJECT_VERSION = 1;
				DEVELOPMENT_TEAM = 65B98VTA2W;
				GENERATE_INFOPLIST_FILE = YES;
				INFOPLIST_FILE = Navigation/Info.plist;
				INFOPLIST_KEY_UIApplicationSupportsIndirectInputEvents = YES;
				INFOPLIST_KEY_UILaunchStoryboardName = LaunchScreen;
				INFOPLIST_KEY_UISupportedInterfaceOrientations_iPad = "UIInterfaceOrientationPortrait UIInterfaceOrientationPortraitUpsideDown UIInterfaceOrientationLandscapeLeft UIInterfaceOrientationLandscapeRight";
				INFOPLIST_KEY_UISupportedInterfaceOrientations_iPhone = "UIInterfaceOrientationPortrait UIInterfaceOrientationLandscapeLeft UIInterfaceOrientationLandscapeRight";
				LD_RUNPATH_SEARCH_PATHS = (
					"$(inherited)",
					"@executable_path/Frameworks",
				);
				MARKETING_VERSION = 1.0;
				PRODUCT_BUNDLE_IDENTIFIER = NikitaByzov.Navigation;
				PRODUCT_NAME = "$(TARGET_NAME)";
				SWIFT_EMIT_LOC_STRINGS = YES;
				SWIFT_VERSION = 5.0;
				TARGETED_DEVICE_FAMILY = "1,2";
			};
			name = Release;
		};
/* End XCBuildConfiguration section */

/* Begin XCConfigurationList section */
		1D2D694028CA5D4A0015D36D /* Build configuration list for PBXNativeTarget "StorageService" */ = {
			isa = XCConfigurationList;
			buildConfigurations = (
				1D2D693C28CA5D4A0015D36D /* Debug */,
				1D2D693D28CA5D4A0015D36D /* Release */,
			);
			defaultConfigurationIsVisible = 0;
			defaultConfigurationName = Release;
		};
		1D2D694128CA5D4A0015D36D /* Build configuration list for PBXNativeTarget "StorageServiceTests" */ = {
			isa = XCConfigurationList;
			buildConfigurations = (
				1D2D693E28CA5D4A0015D36D /* Debug */,
				1D2D693F28CA5D4A0015D36D /* Release */,
			);
			defaultConfigurationIsVisible = 0;
			defaultConfigurationName = Release;
		};
		1D6014002874B50F00CA8F4A /* Build configuration list for PBXProject "Navigation" */ = {
			isa = XCConfigurationList;
			buildConfigurations = (
				1D6014172874B51000CA8F4A /* Debug */,
				1D6014182874B51000CA8F4A /* Release */,
			);
			defaultConfigurationIsVisible = 0;
			defaultConfigurationName = Release;
		};
		1D6014192874B51000CA8F4A /* Build configuration list for PBXNativeTarget "Navigation" */ = {
			isa = XCConfigurationList;
			buildConfigurations = (
				1D60141A2874B51000CA8F4A /* Debug */,
				1D60141B2874B51000CA8F4A /* Release */,
			);
			defaultConfigurationIsVisible = 0;
			defaultConfigurationName = Release;
		};
/* End XCConfigurationList section */

/* Begin XCRemoteSwiftPackageReference section */
		1D2D694328CFB0220015D36D /* XCRemoteSwiftPackageReference "iOSIntPackage" */ = {
			isa = XCRemoteSwiftPackageReference;
			repositoryURL = "https://github.com/TrueMax/iOSIntPackage.git";
			requirement = {
				kind = upToNextMajorVersion;
				minimumVersion = 2.0.0;
			};
		};
/* End XCRemoteSwiftPackageReference section */

/* Begin XCSwiftPackageProductDependency section */
		1D2D694428CFB0220015D36D /* iOSIntPackage */ = {
			isa = XCSwiftPackageProductDependency;
			package = 1D2D694328CFB0220015D36D /* XCRemoteSwiftPackageReference "iOSIntPackage" */;
			productName = iOSIntPackage;
		};
/* End XCSwiftPackageProductDependency section */
	};
	rootObject = 1D6013FD2874B50F00CA8F4A /* Project object */;
}
